
Microsoft Visual Studio Solution File, Format Version 12.00
# Visual Studio Version 17
VisualStudioVersion = 17.12.35209.166
MinimumVisualStudioVersion = 10.0.40219.1
Project("{FAE04EC0-301F-11D3-BF4B-00C04F79EFBC}") = "MicroUtils.HarmonyAnalyzers", "Analyzers\MicroUtils.HarmonyAnalyzers.csproj", "{35FFCA11-B229-4104-8707-5D6016047842}"
EndProject
Project("{FAE04EC0-301F-11D3-BF4B-00C04F79EFBC}") = "HarmonyAnalyzerTest", "..\HarmonyAnalyzerTest\HarmonyAnalyzerTest.csproj", "{E5D91391-8FE0-498A-8D37-2DD41E23A036}"
EndProject
Project("{FAE04EC0-301F-11D3-BF4B-00C04F79EFBC}") = "MicroUtils.HarmonyAnalyzers.CodeFixes", "CodeFixes\MicroUtils.HarmonyAnalyzers.CodeFixes.csproj", "{2FBCC4FD-32F2-4EA5-B0D0-C26C1DEACB93}"
EndProject
Global
	GlobalSection(SolutionConfigurationPlatforms) = preSolution
		Debug|Any CPU = Debug|Any CPU
		Release|Any CPU = Release|Any CPU
	EndGlobalSection
	GlobalSection(ProjectConfigurationPlatforms) = postSolution
		{35FFCA11-B229-4104-8707-5D6016047842}.Debug|Any CPU.ActiveCfg = Debug|Any CPU
		{35FFCA11-B229-4104-8707-5D6016047842}.Debug|Any CPU.Build.0 = Debug|Any CPU
		{35FFCA11-B229-4104-8707-5D6016047842}.Release|Any CPU.ActiveCfg = Release|Any CPU
		{35FFCA11-B229-4104-8707-5D6016047842}.Release|Any CPU.Build.0 = Release|Any CPU
		{E5D91391-8FE0-498A-8D37-2DD41E23A036}.Debug|Any CPU.ActiveCfg = Debug|Any CPU
		{E5D91391-8FE0-498A-8D37-2DD41E23A036}.Debug|Any CPU.Build.0 = Debug|Any CPU
		{E5D91391-8FE0-498A-8D37-2DD41E23A036}.Release|Any CPU.ActiveCfg = Release|Any CPU
		{E5D91391-8FE0-498A-8D37-2DD41E23A036}.Release|Any CPU.Build.0 = Release|Any CPU
		{2FBCC4FD-32F2-4EA5-B0D0-C26C1DEACB93}.Debug|Any CPU.ActiveCfg = Debug|Any CPU
		{2FBCC4FD-32F2-4EA5-B0D0-C26C1DEACB93}.Debug|Any CPU.Build.0 = Debug|Any CPU
		{2FBCC4FD-32F2-4EA5-B0D0-C26C1DEACB93}.Release|Any CPU.ActiveCfg = Release|Any CPU
		{2FBCC4FD-32F2-4EA5-B0D0-C26C1DEACB93}.Release|Any CPU.Build.0 = Release|Any CPU
	EndGlobalSection
	GlobalSection(SolutionProperties) = preSolution
		HideSolutionNode = FALSE
	EndGlobalSection
	GlobalSection(ExtensibilityGlobals) = postSolution
		SolutionGuid = {D7AD0C46-64AC-499B-BD73-BF43061FD72F}
	EndGlobalSection
EndGlobal
